// !$*UTF8*$!
{
	archiveVersion = 1;
	classes = {
	};
	objectVersion = 46;
	objects = {

/* Begin PBXBuildFile section */
		83B6B7811A14B43100E67740 /* AppDelegate.swift in Sources */ = {isa = PBXBuildFile; fileRef = 83B6B7801A14B43100E67740 /* AppDelegate.swift */; };
		83B6B7831A14B43100E67740 /* ViewController.swift in Sources */ = {isa = PBXBuildFile; fileRef = 83B6B7821A14B43100E67740 /* ViewController.swift */; };
		83B6B7861A14B43200E67740 /* Main.storyboard in Resources */ = {isa = PBXBuildFile; fileRef = 83B6B7841A14B43200E67740 /* Main.storyboard */; };
		83B6B7881A14B43200E67740 /* Images.xcassets in Resources */ = {isa = PBXBuildFile; fileRef = 83B6B7871A14B43200E67740 /* Images.xcassets */; };
		83B6B78B1A14B43200E67740 /* LaunchScreen.xib in Resources */ = {isa = PBXBuildFile; fileRef = 83B6B7891A14B43200E67740 /* LaunchScreen.xib */; };
		83B6B7971A14B43200E67740 /* TizenTests.swift in Sources */ = {isa = PBXBuildFile; fileRef = 83B6B7961A14B43200E67740 /* TizenTests.swift */; };
/* End PBXBuildFile section */

/* Begin PBXContainerItemProxy section */
		83B6B7911A14B43200E67740 /* PBXContainerItemProxy */ = {
			isa = PBXContainerItemProxy;
			containerPortal = 83B6B7731A14B43100E67740 /* Project object */;
			proxyType = 1;
			remoteGlobalIDString = 83B6B77A1A14B43100E67740;
			remoteInfo = Tizen;
		};
/* End PBXContainerItemProxy section */

/* Begin PBXFileReference section */
		83B6B77B1A14B43100E67740 /* Tizen.app */ = {isa = PBXFileReference; explicitFileType = wrapper.application; includeInIndex = 0; path = Tizen.app; sourceTree = BUILT_PRODUCTS_DIR; };
		83B6B77F1A14B43100E67740 /* Info.plist */ = {isa = PBXFileReference; lastKnownFileType = text.plist.xml; path = Info.plist; sourceTree = "<group>"; };
		83B6B7801A14B43100E67740 /* AppDelegate.swift */ = {isa = PBXFileReference; lastKnownFileType = sourcecode.swift; path = AppDelegate.swift; sourceTree = "<group>"; };
		83B6B7821A14B43100E67740 /* ViewController.swift */ = {isa = PBXFileReference; lastKnownFileType = sourcecode.swift; path = ViewController.swift; sourceTree = "<group>"; };
		83B6B7851A14B43200E67740 /* Base */ = {isa = PBXFileReference; lastKnownFileType = file.storyboard; name = Base; path = Base.lproj/Main.storyboard; sourceTree = "<group>"; };
		83B6B7871A14B43200E67740 /* Images.xcassets */ = {isa = PBXFileReference; lastKnownFileType = folder.assetcatalog; path = Images.xcassets; sourceTree = "<group>"; };
		83B6B78A1A14B43200E67740 /* Base */ = {isa = PBXFileReference; lastKnownFileType = file.xib; name = Base; path = Base.lproj/LaunchScreen.xib; sourceTree = "<group>"; };
		83B6B7901A14B43200E67740 /* TizenTests.xctest */ = {isa = PBXFileReference; explicitFileType = wrapper.cfbundle; includeInIndex = 0; path = TizenTests.xctest; sourceTree = BUILT_PRODUCTS_DIR; };
		83B6B7951A14B43200E67740 /* Info.plist */ = {isa = PBXFileReference; lastKnownFileType = text.plist.xml; path = Info.plist; sourceTree = "<group>"; };
		83B6B7961A14B43200E67740 /* TizenTests.swift */ = {isa = PBXFileReference; lastKnownFileType = sourcecode.swift; path = TizenTests.swift; sourceTree = "<group>"; };
/* End PBXFileReference section */

/* Begin PBXFrameworksBuildPhase section */
		83B6B7781A14B43100E67740 /* Frameworks */ = {
			isa = PBXFrameworksBuildPhase;
			buildActionMask = 2147483647;
			files = (
			);
			runOnlyForDeploymentPostprocessing = 0;
		};
		83B6B78D1A14B43200E67740 /* Frameworks */ = {
			isa = PBXFrameworksBuildPhase;
			buildActionMask = 2147483647;
			files = (
			);
			runOnlyForDeploymentPostprocessing = 0;
		};
/* End PBXFrameworksBuildPhase section */

/* Begin PBXGroup section */
		83B6B7721A14B43100E67740 = {
			isa = PBXGroup;
			children = (
				83B6B77D1A14B43100E67740 /* Tizen */,
				83B6B7931A14B43200E67740 /* TizenTests */,
				83B6B77C1A14B43100E67740 /* Products */,
			);
			sourceTree = "<group>";
		};
		83B6B77C1A14B43100E67740 /* Products */ = {
			isa = PBXGroup;
			children = (
				83B6B77B1A14B43100E67740 /* Tizen.app */,
				83B6B7901A14B43200E67740 /* TizenTests.xctest */,
			);
			name = Products;
			sourceTree = "<group>";
		};
		83B6B77D1A14B43100E67740 /* Tizen */ = {
			isa = PBXGroup;
			children = (
				83B6B7801A14B43100E67740 /* AppDelegate.swift */,
				83B6B7821A14B43100E67740 /* ViewController.swift */,
				83B6B7841A14B43200E67740 /* Main.storyboard */,
				83B6B7871A14B43200E67740 /* Images.xcassets */,
				83B6B7891A14B43200E67740 /* LaunchScreen.xib */,
				83B6B77E1A14B43100E67740 /* Supporting Files */,
			);
			path = Tizen;
			sourceTree = "<group>";
		};
		83B6B77E1A14B43100E67740 /* Supporting Files */ = {
			isa = PBXGroup;
			children = (
				83B6B77F1A14B43100E67740 /* Info.plist */,
			);
			name = "Supporting Files";
			sourceTree = "<group>";
		};
		83B6B7931A14B43200E67740 /* TizenTests */ = {
			isa = PBXGroup;
			children = (
				83B6B7961A14B43200E67740 /* TizenTests.swift */,
				83B6B7941A14B43200E67740 /* Supporting Files */,
			);
			path = TizenTests;
			sourceTree = "<group>";
		};
		83B6B7941A14B43200E67740 /* Supporting Files */ = {
			isa = PBXGroup;
			children = (
				83B6B7951A14B43200E67740 /* Info.plist */,
			);
			name = "Supporting Files";
			sourceTree = "<group>";
		};
/* End PBXGroup section */

/* Begin PBXNativeTarget section */
		83B6B77A1A14B43100E67740 /* Tizen */ = {
			isa = PBXNativeTarget;
			buildConfigurationList = 83B6B79A1A14B43200E67740 /* Build configuration list for PBXNativeTarget "Tizen" */;
			buildPhases = (
				83B6B7771A14B43100E67740 /* Sources */,
				83B6B7781A14B43100E67740 /* Frameworks */,
				83B6B7791A14B43100E67740 /* Resources */,
			);
			buildRules = (
			);
			dependencies = (
			);
			name = Tizen;
			productName = Tizen;
			productReference = 83B6B77B1A14B43100E67740 /* Tizen.app */;
			productType = "com.apple.product-type.application";
		};
		83B6B78F1A14B43200E67740 /* TizenTests */ = {
			isa = PBXNativeTarget;
			buildConfigurationList = 83B6B79D1A14B43200E67740 /* Build configuration list for PBXNativeTarget "TizenTests" */;
			buildPhases = (
				83B6B78C1A14B43200E67740 /* Sources */,
				83B6B78D1A14B43200E67740 /* Frameworks */,
				83B6B78E1A14B43200E67740 /* Resources */,
			);
			buildRules = (
			);
			dependencies = (
				83B6B7921A14B43200E67740 /* PBXTargetDependency */,
			);
			name = TizenTests;
			productName = TizenTests;
			productReference = 83B6B7901A14B43200E67740 /* TizenTests.xctest */;
			productType = "com.apple.product-type.bundle.unit-test";
		};
/* End PBXNativeTarget section */

/* Begin PBXProject section */
		83B6B7731A14B43100E67740 /* Project object */ = {
			isa = PBXProject;
			attributes = {
				LastUpgradeCheck = 0610;
				ORGANIZATIONNAME = EIZ;
				TargetAttributes = {
					83B6B77A1A14B43100E67740 = {
						CreatedOnToolsVersion = 6.1;
						DevelopmentTeam = HZGKZ53N7P;
					};
					83B6B78F1A14B43200E67740 = {
						CreatedOnToolsVersion = 6.1;
						TestTargetID = 83B6B77A1A14B43100E67740;
					};
				};
			};
			buildConfigurationList = 83B6B7761A14B43100E67740 /* Build configuration list for PBXProject "Tizen" */;
			compatibilityVersion = "Xcode 3.2";
			developmentRegion = English;
			hasScannedForEncodings = 0;
			knownRegions = (
				en,
				Base,
			);
			mainGroup = 83B6B7721A14B43100E67740;
			productRefGroup = 83B6B77C1A14B43100E67740 /* Products */;
			projectDirPath = "";
			projectRoot = "";
			targets = (
				83B6B77A1A14B43100E67740 /* Tizen */,
				83B6B78F1A14B43200E67740 /* TizenTests */,
			);
		};
/* End PBXProject section */

/* Begin PBXResourcesBuildPhase section */
		83B6B7791A14B43100E67740 /* Resources */ = {
			isa = PBXResourcesBuildPhase;
			buildActionMask = 2147483647;
			files = (
				83B6B7861A14B43200E67740 /* Main.storyboard in Resources */,
				83B6B78B1A14B43200E67740 /* LaunchScreen.xib in Resources */,
				83B6B7881A14B43200E67740 /* Images.xcassets in Resources */,
			);
			runOnlyForDeploymentPostprocessing = 0;
		};
		83B6B78E1A14B43200E67740 /* Resources */ = {
			isa = PBXResourcesBuildPhase;
			buildActionMask = 2147483647;
			files = (
			);
			runOnlyForDeploymentPostprocessing = 0;
		};
/* End PBXResourcesBuildPhase section */

/* Begin PBXSourcesBuildPhase section */
		83B6B7771A14B43100E67740 /* Sources */ = {
			isa = PBXSourcesBuildPhase;
			buildActionMask = 2147483647;
			files = (
				83B6B7831A14B43100E67740 /* ViewController.swift in Sources */,
				83B6B7811A14B43100E67740 /* AppDelegate.swift in Sources */,
			);
			runOnlyForDeploymentPostprocessing = 0;
		};
		83B6B78C1A14B43200E67740 /* Sources */ = {
			isa = PBXSourcesBuildPhase;
			buildActionMask = 2147483647;
			files = (
				83B6B7971A14B43200E67740 /* TizenTests.swift in Sources */,
			);
			runOnlyForDeploymentPostprocessing = 0;
		};
/* End PBXSourcesBuildPhase section */

/* Begin PBXTargetDependency section */
		83B6B7921A14B43200E67740 /* PBXTargetDependency */ = {
			isa = PBXTargetDependency;
			target = 83B6B77A1A14B43100E67740 /* Tizen */;
			targetProxy = 83B6B7911A14B43200E67740 /* PBXContainerItemProxy */;
		};
/* End PBXTargetDependency section */

/* Begin PBXVariantGroup section */
		83B6B7841A14B43200E67740 /* Main.storyboard */ = {
			isa = PBXVariantGroup;
			children = (
				83B6B7851A14B43200E67740 /* Base */,
			);
			name = Main.storyboard;
			sourceTree = "<group>";
		};
		83B6B7891A14B43200E67740 /* LaunchScreen.xib */ = {
			isa = PBXVariantGroup;
			children = (
				83B6B78A1A14B43200E67740 /* Base */,
			);
			name = LaunchScreen.xib;
			sourceTree = "<group>";
		};
/* End PBXVariantGroup section */

/* Begin XCBuildConfiguration section */
		83B6B7981A14B43200E67740 /* Debug */ = {
			isa = XCBuildConfiguration;
			buildSettings = {
				ALWAYS_SEARCH_USER_PATHS = NO;
				CLANG_CXX_LANGUAGE_STANDARD = "gnu++0x";
				CLANG_CXX_LIBRARY = "libc++";
				CLANG_ENABLE_MODULES = YES;
				CLANG_ENABLE_OBJC_ARC = YES;
				CLANG_WARN_BOOL_CONVERSION = YES;
				CLANG_WARN_CONSTANT_CONVERSION = YES;
				CLANG_WARN_DIRECT_OBJC_ISA_USAGE = YES_ERROR;
				CLANG_WARN_EMPTY_BODY = YES;
				CLANG_WARN_ENUM_CONVERSION = YES;
				CLANG_WARN_INT_CONVERSION = YES;
				CLANG_WARN_OBJC_ROOT_CLASS = YES_ERROR;
				CLANG_WARN_UNREACHABLE_CODE = YES;
				CLANG_WARN__DUPLICATE_METHOD_MATCH = YES;
				"CODE_SIGN_IDENTITY[sdk=iphoneos*]" = "iPhone Developer";
				COPY_PHASE_STRIP = NO;
				ENABLE_STRICT_OBJC_MSGSEND = YES;
				GCC_C_LANGUAGE_STANDARD = gnu99;
				GCC_DYNAMIC_NO_PIC = NO;
				GCC_OPTIMIZATION_LEVEL = 0;
				GCC_PREPROCESSOR_DEFINITIONS = (
					"DEBUG=1",
					"$(inherited)",
				);
				GCC_SYMBOLS_PRIVATE_EXTERN = NO;
				GCC_WARN_64_TO_32_BIT_CONVERSION = YES;
				GCC_WARN_ABOUT_RETURN_TYPE = YES_ERROR;
				GCC_WARN_UNDECLARED_SELECTOR = YES;
				GCC_WARN_UNINITIALIZED_AUTOS = YES_AGGRESSIVE;
				GCC_WARN_UNUSED_FUNCTION = YES;
				GCC_WARN_UNUSED_VARIABLE = YES;
				IPHONEOS_DEPLOYMENT_TARGET = 8.1;
				MTL_ENABLE_DEBUG_INFO = YES;
				ONLY_ACTIVE_ARCH = YES;
				SDKROOT = iphoneos;
				SWIFT_OPTIMIZATION_LEVEL = "-Onone";
			};
			name = Debug;
		};
		83B6B7991A14B43200E67740 /* Release */ = {
			isa = XCBuildConfiguration;
			buildSettings = {
				ALWAYS_SEARCH_USER_PATHS = NO;
				CLANG_CXX_LANGUAGE_STANDARD = "gnu++0x";
				CLANG_CXX_LIBRARY = "libc++";
				CLANG_ENABLE_MODULES = YES;
				CLANG_ENABLE_OBJC_ARC = YES;
				CLANG_WARN_BOOL_CONVERSION = YES;
				CLANG_WARN_CONSTANT_CONVERSION = YES;
				CLANG_WARN_DIRECT_OBJC_ISA_USAGE = YES_ERROR;
				CLANG_WARN_EMPTY_BODY = YES;
				CLANG_WARN_ENUM_CONVERSION = YES;
				CLANG_WARN_INT_CONVERSION = YES;
				CLANG_WARN_OBJC_ROOT_CLASS = YES_ERROR;
				CLANG_WARN_UNREACHABLE_CODE = YES;
				CLANG_WARN__DUPLICATE_METHOD_MATCH = YES;
				"CODE_SIGN_IDENTITY[sdk=iphoneos*]" = "iPhone Developer";
				COPY_PHASE_STRIP = YES;
				ENABLE_NS_ASSERTIONS = NO;
				ENABLE_STRICT_OBJC_MSGSEND = YES;
				GCC_C_LANGUAGE_STANDARD = gnu99;
				GCC_WARN_64_TO_32_BIT_CONVERSION = YES;
				GCC_WARN_ABOUT_RETURN_TYPE = YES_ERROR;
				GCC_WARN_UNDECLARED_SELECTOR = YES;
				GCC_WARN_UNINITIALIZED_AUTOS = YES_AGGRESSIVE;
				GCC_WARN_UNUSED_FUNCTION = YES;
				GCC_WARN_UNUSED_VARIABLE = YES;
				IPHONEOS_DEPLOYMENT_TARGET = 8.1;
				MTL_ENABLE_DEBUG_INFO = NO;
				SDKROOT = iphoneos;
				VALIDATE_PRODUCT = YES;
			};
			name = Release;
		};
		83B6B79B1A14B43200E67740 /* Debug */ = {
			isa = XCBuildConfiguration;
			buildSettings = {
				ASSETCATALOG_COMPILER_APPICON_NAME = AppIcon;
				CODE_SIGN_IDENTITY = "iPhone Developer";
				INFOPLIST_FILE = Tizen/Info.plist;
				LD_RUNPATH_SEARCH_PATHS = "$(inherited) @executable_path/Frameworks";
				PRODUCT_NAME = "$(TARGET_NAME)";
				TARGETED_DEVICE_FAMILY = 1;
			};
			name = Debug;
		};
		83B6B79C1A14B43200E67740 /* Release */ = {
			isa = XCBuildConfiguration;
			buildSettings = {
				ASSETCATALOG_COMPILER_APPICON_NAME = AppIcon;
				CODE_SIGN_IDENTITY = "iPhone Developer";
				INFOPLIST_FILE = Tizen/Info.plist;
				LD_RUNPATH_SEARCH_PATHS = "$(inherited) @executable_path/Frameworks";
				PRODUCT_NAME = "$(TARGET_NAME)";
				TARGETED_DEVICE_FAMILY = 1;
			};
			name = Release;
		};
		83B6B79E1A14B43200E67740 /* Debug */ = {
			isa = XCBuildConfiguration;
			buildSettings = {
				BUNDLE_LOADER = "$(TEST_HOST)";
				FRAMEWORK_SEARCH_PATHS = (
					"$(SDKROOT)/Developer/Library/Frameworks",
					"$(inherited)",
				);
				GCC_PREPROCESSOR_DEFINITIONS = (
					"DEBUG=1",
					"$(inherited)",
				);
				INFOPLIST_FILE = TizenTests/Info.plist;
				LD_RUNPATH_SEARCH_PATHS = "$(inherited) @executable_path/Frameworks @loader_path/Frameworks";
				PRODUCT_NAME = "$(TARGET_NAME)";
				TEST_HOST = "$(BUILT_PRODUCTS_DIR)/Tizen.app/Tizen";
			};
			name = Debug;
		};
		83B6B79F1A14B43200E67740 /* Release */ = {
			isa = XCBuildConfiguration;
			buildSettings = {
				BUNDLE_LOADER = "$(TEST_HOST)";
				FRAMEWORK_SEARCH_PATHS = (
					"$(SDKROOT)/Developer/Library/Frameworks",
					"$(inherited)",
				);
				INFOPLIST_FILE = TizenTests/Info.plist;
				LD_RUNPATH_SEARCH_PATHS = "$(inherited) @executable_path/Frameworks @loader_path/Frameworks";
				PRODUCT_NAME = "$(TARGET_NAME)";
				TEST_HOST = "$(BUILT_PRODUCTS_DIR)/Tizen.app/Tizen";
			};
			name = Release;
		};
/* End XCBuildConfiguration section */

/* Begin XCConfigurationList section */
		83B6B7761A14B43100E67740 /* Build configuration list for PBXProject "Tizen" */ = {
			isa = XCConfigurationList;
			buildConfigurations = (
				83B6B7981A14B43200E67740 /* Debug */,
				83B6B7991A14B43200E67740 /* Release */,
			);
			defaultConfigurationIsVisible = 0;
			defaultConfigurationName = Release;
		};
		83B6B79A1A14B43200E67740 /* Build configuration list for PBXNativeTarget "Tizen" */ = {
			isa = XCConfigurationList;
			buildConfigurations = (
				83B6B79B1A14B43200E67740 /* Debug */,
				83B6B79C1A14B43200E67740 /* Release */,
			);
			defaultConfigurationIsVisible = 0;
		};
		83B6B79D1A14B43200E67740 /* Build configuration list for PBXNativeTarget "TizenTests" */ = {
			isa = XCConfigurationList;
			buildConfigurations = (
				83B6B79E1A14B43200E67740 /* Debug */,
				83B6B79F1A14B43200E67740 /* Release */,
			);
			defaultConfigurationIsVisible = 0;
		};
/* End XCConfigurationList section */
	};
	rootObject = 83B6B7731A14B43100E67740 /* Project object */;
}
